<?xml version="1.0" encoding="utf-8"?>
<Project ToolsVersion="4.0" xmlns="http://schemas.microsoft.com/developer/msbuild/2003">
  <ItemGroup>
    <Filter Include="Source Files">
      <UniqueIdentifier>{4FC737F1-C7A5-4376-A066-2A32D752A2FF}</UniqueIdentifier>
      <Extensions>cpp;c;cc;cxx;c++;cppm;ixx;def;odl;idl;hpj;bat;asm;asmx</Extensions>
    </Filter>
    <Filter Include="Header Files">
      <UniqueIdentifier>{93995380-89BD-4b04-88EB-625FBE52EBFB}</UniqueIdentifier>
      <Extensions>h;hh;hpp;hxx;h++;hm;inl;inc;ipp;xsd</Extensions>
    </Filter>
    <Filter Include="Resource Files">
      <UniqueIdentifier>{67DA6AB6-F800-4c08-8B7A-83BB121AAD01}</UniqueIdentifier>
      <Extensions>rc;ico;cur;bmp;dlg;rc2;rct;bin;rgs;gif;jpg;jpeg;jpe;resx;tiff;tif;png;wav;mfcribbon-ms</Extensions>
    </Filter>
    <Filter Include="Resource Files\Fonts">
      <UniqueIdentifier>{82977c17-cfe7-4a4a-b23f-783f6f46a5e1}</UniqueIdentifier>
    </Filter>
    <Filter Include="Resource Files\Img">
      <UniqueIdentifier>{54172eb7-3610-4a53-89aa-1e6c8d97d6e3}</UniqueIdentifier>
    </Filter>
    <Filter Include="Source Files\core">
      <UniqueIdentifier>{90bca524-2390-461b-a7a5-5d26154566c8}</UniqueIdentifier>
    </Filter>
    <Filter Include="Source Files\entities">
      <UniqueIdentifier>{7c8862a8-b468-485c-bd33-2c9fb512bb3f}</UniqueIdentifier>
    </Filter>
    <Filter Include="Source Files\graphics">
      <UniqueIdentifier>{12e82992-d1d4-4055-b82f-5a43efb0a10c}</UniqueIdentifier>
    </Filter>
    <Filter Include="Source Files\utils">
      <UniqueIdentifier>{8e3bc304-536b-4774-b22e-b94e0ead2f03}</UniqueIdentifier>
    </Filter>
    <Filter Include="Header Files\core">
      <UniqueIdentifier>{031af914-05f5-41d8-93fb-205379218058}</UniqueIdentifier>
    </Filter>
    <Filter Include="Header Files\entities">
      <UniqueIdentifier>{e7a20ba2-d715-4c42-95e7-b529aa6036e7}</UniqueIdentifier>
    </Filter>
    <Filter Include="Header Files\graphics">
      <UniqueIdentifier>{cb7d1b54-22ff-4e6d-9cd0-d45608d4d916}</UniqueIdentifier>
    </Filter>
    <Filter Include="Header Files\utils">
      <UniqueIdentifier>{14264c99-1755-4342-96d8-2149ed85cebb}</UniqueIdentifier>
    </Filter>
    <Filter Include="Source Files\components">
      <UniqueIdentifier>{b0f673d4-d1ad-4b42-a898-5d62a64136e6}</UniqueIdentifier>
    </Filter>
    <Filter Include="Header Files\Components">
      <UniqueIdentifier>{43529d9e-7e91-4821-a258-624874b4326b}</UniqueIdentifier>
    </Filter>
    <Filter Include="Header Files\systems">
      <UniqueIdentifier>{9e3a49e8-7d58-4d2f-9900-f337f742bf50}</UniqueIdentifier>
    </Filter>
    <Filter Include="Source Files\systems">
      <UniqueIdentifier>{0d9810f6-4620-42bd-a2f8-76e049f69649}</UniqueIdentifier>
    </Filter>
    <Filter Include="Header Files\ObjectPool">
      <UniqueIdentifier>{4d764af5-92cb-44b2-bef5-00b9737b1bf8}</UniqueIdentifier>
    </Filter>
    <Filter Include="Resource Files\Sound">
      <UniqueIdentifier>{b384cf5f-4422-4877-9018-4033a1369ca0}</UniqueIdentifier>
    </Filter>
  </ItemGroup>
  <ItemGroup>
    <ClCompile Include="main.cpp">
      <Filter>Source Files</Filter>
    </ClCompile>
    <ClCompile Include="source\core\Board.cpp">
      <Filter>Source Files\core</Filter>
    </ClCompile>
    <ClCompile Include="source\core\Game.cpp">
      <Filter>Source Files\core</Filter>
    </ClCompile>
    <ClCompile Include="source\core\Tile.cpp">
      <Filter>Source Files\core</Filter>
    </ClCompile>
    <ClCompile Include="source\entities\Entity.cpp">
      <Filter>Source Files\entities</Filter>
    </ClCompile>
    <ClCompile Include="source\entities\Fire.cpp">
      <Filter>Source Files\entities</Filter>
    </ClCompile>
    <ClCompile Include="source\entities\Player.cpp">
      <Filter>Source Files\entities</Filter>
    </ClCompile>
    <ClCompile Include="source\graphics\AnimBase.cpp">
      <Filter>Source Files\graphics</Filter>
    </ClCompile>
    <ClCompile Include="source\graphics\AnimDirectional.cpp">
      <Filter>Source Files\graphics</Filter>
    </ClCompile>
    <ClCompile Include="source\graphics\SpriteSheet.cpp">
      <Filter>Source Files\graphics</Filter>
    </ClCompile>
    <ClCompile Include="source\graphics\Window.cpp">
      <Filter>Source Files\graphics</Filter>
    </ClCompile>
    <ClCompile Include="source\utils\Rectangle.cpp">
      <Filter>Source Files\utils</Filter>
    </ClCompile>
    <ClCompile Include="source\core\GameCommand.cpp">
      <Filter>Source Files\core</Filter>
    </ClCompile>
    <ClCompile Include="source\core\InputHandler.cpp">
      <Filter>Source Files\core</Filter>
    </ClCompile>
    <ClCompile Include="source\core\PlayerCommand.cpp">
      <Filter>Source Files\core</Filter>
    </ClCompile>
    <ClCompile Include="source\components\InputComponent.cpp">
      <Filter>Source Files\components</Filter>
    </ClCompile>
    <ClCompile Include="source\components\ColliderComponent.cpp">
      <Filter>Source Files\components</Filter>
    </ClCompile>
    <ClCompile Include="source\components\PlayerStateComponent.cpp">
      <Filter>Source Files\components</Filter>
    </ClCompile>
    <ClCompile Include="source\systems\TTLSystem.cpp">
      <Filter>Source Files\systems</Filter>
    </ClCompile>
    <ClCompile Include="source\systems\InputSystem.cpp">
      <Filter>Source Files\systems</Filter>
    </ClCompile>
    <ClCompile Include="source\systems\MovementSystem.cpp">
      <Filter>Source Files\systems</Filter>
    </ClCompile>
    <ClCompile Include="source\systems\GraphicsSystem.cpp">
      <Filter>Source Files\systems</Filter>
    </ClCompile>
    <ClCompile Include="source\systems\ColliderSystem.cpp">
      <Filter>Source Files\systems</Filter>
    </ClCompile>
    <ClCompile Include="source\systems\GameplaySystem.cpp">
      <Filter>Source Files\systems</Filter>
    </ClCompile>
    <ClCompile Include="source\ObjectPool\FirePool.cpp">
      <Filter>Source Files</Filter>
    </ClCompile>
    <ClCompile Include="source\ObjectPool\LogPool.cpp">
      <Filter>Source Files</Filter>
    </ClCompile>
    <ClCompile Include="source\ObjectPool\PotionPool.cpp">
      <Filter>Source Files</Filter>
    </ClCompile>
    <ClCompile Include="source\audio\SFXAudioManager.cpp">
      <Filter>Source Files</Filter>
    </ClCompile>
    <ClCompile Include="source\audio\ServiceLocator.cpp">
      <Filter>Source Files</Filter>
    </ClCompile>
  </ItemGroup>
  <ItemGroup>
    <Font Include="font\Amatic-Bold.ttf">
      <Filter>Resource Files\Fonts</Filter>
    </Font>
    <Font Include="font\AmaticSC-Regular.ttf">
      <Filter>Resource Files\Fonts</Filter>
    </Font>
  </ItemGroup>
  <ItemGroup>
    <Image Include="img\DwarfSpriteSheet.png">
      <Filter>Resource Files\Img</Filter>
    </Image>
    <Image Include="img\Fire.png">
      <Filter>Resource Files\Img</Filter>
    </Image>
    <Image Include="img\floor.png">
      <Filter>Resource Files\Img</Filter>
    </Image>
    <Image Include="img\log.png">
      <Filter>Resource Files\Img</Filter>
    </Image>
    <Image Include="img\mushroom50-50.png">
      <Filter>Resource Files\Img</Filter>
    </Image>
    <Image Include="img\potion.png">
      <Filter>Resource Files\Img</Filter>
    </Image>
    <Image Include="img\wall.png">
      <Filter>Resource Files\Img</Filter>
    </Image>
  </ItemGroup>
  <ItemGroup>
    <ClInclude Include="include\core\Board.h">
      <Filter>Header Files\core</Filter>
    </ClInclude>
    <ClInclude Include="include\core\Game.h">
      <Filter>Header Files\core</Filter>
    </ClInclude>
    <ClInclude Include="include\core\Tile.h">
      <Filter>Header Files\core</Filter>
    </ClInclude>
    <ClInclude Include="include\entities\Entity.h">
      <Filter>Header Files\entities</Filter>
    </ClInclude>
    <ClInclude Include="include\entities\Fire.h">
      <Filter>Header Files\entities</Filter>
    </ClInclude>
    <ClInclude Include="include\entities\Player.h">
      <Filter>Header Files\entities</Filter>
    </ClInclude>
    <ClInclude Include="include\entities\StaticEntities.h">
      <Filter>Header Files\entities</Filter>
    </ClInclude>
    <ClInclude Include="include\graphics\AnimBase.h">
      <Filter>Header Files\graphics</Filter>
    </ClInclude>
    <ClInclude Include="include\graphics\AnimDirectional.h">
      <Filter>Header Files\graphics</Filter>
    </ClInclude>
    <ClInclude Include="include\graphics\SpriteSheet.h">
      <Filter>Header Files\graphics</Filter>
    </ClInclude>
    <ClInclude Include="include\graphics\Window.h">
      <Filter>Header Files\graphics</Filter>
    </ClInclude>
    <ClInclude Include="include\utils\Rectangle.h">
      <Filter>Header Files\utils</Filter>
    </ClInclude>
    <ClInclude Include="include\utils\Vector2.h">
      <Filter>Header Files\utils</Filter>
    </ClInclude>
    <ClInclude Include="include\core\Command.h">
      <Filter>Header Files\core</Filter>
    </ClInclude>
    <ClInclude Include="include\core\InputHandler.h">
      <Filter>Header Files\core</Filter>
    </ClInclude>
    <ClInclude Include="include\Components\TTLComponent.h">
      <Filter>Header Files\Components</Filter>
    </ClInclude>
    <ClInclude Include="include\Components\HealthComponent.h">
      <Filter>Header Files\Components</Filter>
    </ClInclude>
    <ClInclude Include="include\Components\InputComponent.h">
      <Filter>Header Files\Components</Filter>
    </ClInclude>
    <ClInclude Include="include\Components\ColliderComponent.h">
      <Filter>Header Files\Components</Filter>
    </ClInclude>
    <ClInclude Include="include\Components\GraphicsComponent.h">
      <Filter>Header Files\Components</Filter>
    </ClInclude>
    <ClInclude Include="include\Components\PositionComponent.h">
      <Filter>Header Files\Components</Filter>
    </ClInclude>
    <ClInclude Include="include\Components\VelocityComponent.h">
      <Filter>Header Files\Components</Filter>
    </ClInclude>
    <ClInclude Include="include\Components\SpriteGraphicsComponent.h">
      <Filter>Header Files\Components</Filter>
    </ClInclude>
    <ClInclude Include="include\Components\SpriteSheetGraphicsComponent.h">
      <Filter>Header Files\Components</Filter>
    </ClInclude>
    <ClInclude Include="include\Components\PlayerStateComponent.h">
      <Filter>Header Files\Components</Filter>
    </ClInclude>
    <ClInclude Include="include\Components\Components.h">
      <Filter>Header Files\Components</Filter>
    </ClInclude>
    <ClInclude Include="include\systems\System.h">
      <Filter>Header Files\systems</Filter>
    </ClInclude>
    <ClInclude Include="include\core\TileTexture.h">
      <Filter>Header Files\core</Filter>
    </ClInclude>
    <ClInclude Include="include\Observer\AchievementManager.h">
      <Filter>Header Files</Filter>
    </ClInclude>
    <ClInclude Include="include\Observer\Event.h">
      <Filter>Header Files</Filter>
    </ClInclude>
    <ClInclude Include="include\Observer\Observer.h">
      <Filter>Header Files</Filter>
    </ClInclude>
    <ClInclude Include="include\BitMask\Bitmask.h">
      <Filter>Header Files\utils</Filter>
    </ClInclude>
    <ClInclude Include="include\ObjectPool\FirePool.h">
      <Filter>Header Files</Filter>
    </ClInclude>
    <ClInclude Include="include\ObjectPool\LogPool.h">
      <Filter>Header Files\ObjectPool</Filter>
    </ClInclude>
    <ClInclude Include="include\ObjectPool\PotionPool.h">
      <Filter>Header Files\ObjectPool</Filter>
    </ClInclude>
    <ClInclude Include="include\audio\AudioManager.h">
      <Filter>Header Files</Filter>
    </ClInclude>
    <ClInclude Include="include\audio\NullAudioManager.h">
      <Filter>Header Files</Filter>
    </ClInclude>
    <ClInclude Include="include\audio\ServiceLocator.h">
      <Filter>Header Files</Filter>
    </ClInclude>
    <ClInclude Include="include\audio\SFXAudioManager.h">
      <Filter>Header Files</Filter>
    </ClInclude>
  </ItemGroup>
  <ItemGroup>
    <Media Include="sound\bgm.wav">
      <Filter>Resource Files\Sound</Filter>
    </Media>
  </ItemGroup>
  <ItemGroup>
    <None Include="sound\attack.ogg">
      <Filter>Resource Files\Sound</Filter>
    </None>
    <None Include="sound\shout.ogg">
      <Filter>Resource Files\Sound</Filter>
    </None>
  </ItemGroup>
</Project>